
Microsoft Visual Studio Solution File, Format Version 12.00
# Visual Studio Version 16
VisualStudioVersion = 16.0.31129.286
MinimumVisualStudioVersion = 10.0.40219.1
Project("{FAE04EC0-301F-11D3-BF4B-00C04F79EFBC}") = "shopapp-vs", "shopapp-git\shopapp-vs.csproj", "{BE6C9A20-745B-48EB-9126-48DBFA489222}"
EndProject
Global
	GlobalSection(SolutionConfigurationPlatforms) = preSolution
		Debug|Any CPU = Debug|Any CPU
		Release|Any CPU = Release|Any CPU
	EndGlobalSection
	GlobalSection(ProjectConfigurationPlatforms) = postSolution
		{BE6C9A20-745B-48EB-9126-48DBFA489222}.Debug|Any CPU.ActiveCfg = Debug|Any CPU
		{BE6C9A20-745B-48EB-9126-48DBFA489222}.Debug|Any CPU.Build.0 = Debug|Any CPU
		{BE6C9A20-745B-48EB-9126-48DBFA489222}.Release|Any CPU.ActiveCfg = Release|Any CPU
		{BE6C9A20-745B-48EB-9126-48DBFA489222}.Release|Any CPU.Build.0 = Release|Any CPU
	EndGlobalSection
	GlobalSection(SolutionProperties) = preSolution
		HideSolutionNode = FALSE
	EndGlobalSection
	GlobalSection(ExtensibilityGlobals) = postSolution
		SolutionGuid = {33508050-CA12-46CB-BCC9-ACCE01B1722B}
	EndGlobalSection
EndGlobal
